{
  "originHash" : "5831159de01944553980189126bd69f12c45c62e46c87f2f3f1dd3c066147ae7",
  "pins" : [
    {
      "identity" : "defaults",
      "kind" : "remoteSourceControl",
      "location" : "https://github.com/sindresorhus/Defaults",
      "state" : {
        "revision" : "cc938ecf0bed848dc80a9726ac5455104e3f9dae",
        "version" : "9.0.2"
      }
    },
    {
      "identity" : "luminare",
      "kind" : "remoteSourceControl",
      "location" : "https://github.com/MrKai77/Luminare",
      "state" : {
        "branch" : "loop-1.2.0",
        "revision" : "172816f596568a8cf6e824da6e47a59f8ebe4637"
      }
    },
    {
      "identity" : "swift-syntax",
      "kind" : "remoteSourceControl",
      "location" : "https://github.com/swiftlang/swift-syntax",
      "state" : {
        "revision" : "0687f71944021d616d34d922343dcef086855920",
        "version" : "600.0.1"
      }
    }
  ],
  "version" : 3
}
